// !$*UTF8*$!
{
	archiveVersion = 1;
	classes = {
	};
	objectVersion = 46;
	objects = {

/* Begin PBXBuildFile section */
		37ABCEF31F24606300E01A99 /* AppDelegate.swift in Sources */ = {isa = PBXBuildFile; fileRef = 37ABCEF21F24606300E01A99 /* AppDelegate.swift */; };
		37ABCEF51F24606300E01A99 /* ViewController.swift in Sources */ = {isa = PBXBuildFile; fileRef = 37ABCEF41F24606300E01A99 /* ViewController.swift */; };
		37ABCEF81F24606300E01A99 /* Main.storyboard in Resources */ = {isa = PBXBuildFile; fileRef = 37ABCEF61F24606300E01A99 /* Main.storyboard */; };
		37ABCEFA1F24606300E01A99 /* Assets.xcassets in Resources */ = {isa = PBXBuildFile; fileRef = 37ABCEF91F24606300E01A99 /* Assets.xcassets */; };
		37ABCEFD1F24606300E01A99 /* LaunchScreen.storyboard in Resources */ = {isa = PBXBuildFile; fileRef = 37ABCEFB1F24606300E01A99 /* LaunchScreen.storyboard */; };
		37ABCF061F2460AD00E01A99 /* CustomTableViewCell1.swift in Sources */ = {isa = PBXBuildFile; fileRef = 37ABCF051F2460AD00E01A99 /* CustomTableViewCell1.swift */; };
		37ABCF081F2460BC00E01A99 /* CustomTableViewCell2.swift in Sources */ = {isa = PBXBuildFile; fileRef = 37ABCF071F2460BC00E01A99 /* CustomTableViewCell2.swift */; };
		37ABCF0A1F2460D500E01A99 /* CustomTableViewCell3.swift in Sources */ = {isa = PBXBuildFile; fileRef = 37ABCF091F2460D500E01A99 /* CustomTableViewCell3.swift */; };
/* End PBXBuildFile section */

/* Begin PBXFileReference section */
		37ABCEEF1F24606300E01A99 /* Demo_TableviewWithCollectionview.app */ = {isa = PBXFileReference; explicitFileType = wrapper.application; includeInIndex = 0; path = Demo_TableviewWithCollectionview.app; sourceTree = BUILT_PRODUCTS_DIR; };
		37ABCEF21F24606300E01A99 /* AppDelegate.swift */ = {isa = PBXFileReference; lastKnownFileType = sourcecode.swift; path = AppDelegate.swift; sourceTree = "<group>"; };
		37ABCEF41F24606300E01A99 /* ViewController.swift */ = {isa = PBXFileReference; lastKnownFileType = sourcecode.swift; path = ViewController.swift; sourceTree = "<group>"; };
		37ABCEF71F24606300E01A99 /* Base */ = {isa = PBXFileReference; lastKnownFileType = file.storyboard; name = Base; path = Base.lproj/Main.storyboard; sourceTree = "<group>"; };
		37ABCEF91F24606300E01A99 /* Assets.xcassets */ = {isa = PBXFileReference; lastKnownFileType = folder.assetcatalog; path = Assets.xcassets; sourceTree = "<group>"; };
		37ABCEFC1F24606300E01A99 /* Base */ = {isa = PBXFileReference; lastKnownFileType = file.storyboard; name = Base; path = Base.lproj/LaunchScreen.storyboard; sourceTree = "<group>"; };
		37ABCEFE1F24606300E01A99 /* Info.plist */ = {isa = PBXFileReference; lastKnownFileType = text.plist.xml; path = Info.plist; sourceTree = "<group>"; };
		37ABCF051F2460AD00E01A99 /* CustomTableViewCell1.swift */ = {isa = PBXFileReference; fileEncoding = 4; lastKnownFileType = sourcecode.swift; name = CustomTableViewCell1.swift; path = Cells/CustomTableViewCell1.swift; sourceTree = "<group>"; };
		37ABCF071F2460BC00E01A99 /* CustomTableViewCell2.swift */ = {isa = PBXFileReference; fileEncoding = 4; lastKnownFileType = sourcecode.swift; name = CustomTableViewCell2.swift; path = Cells/CustomTableViewCell2.swift; sourceTree = "<group>"; };
		37ABCF091F2460D500E01A99 /* CustomTableViewCell3.swift */ = {isa = PBXFileReference; fileEncoding = 4; lastKnownFileType = sourcecode.swift; name = CustomTableViewCell3.swift; path = Cells/CustomTableViewCell3.swift; sourceTree = "<group>"; };
/* End PBXFileReference section */

/* Begin PBXFrameworksBuildPhase section */
		37ABCEEC1F24606300E01A99 /* Frameworks */ = {
			isa = PBXFrameworksBuildPhase;
			buildActionMask = 2147483647;
			files = (
			);
			runOnlyForDeploymentPostprocessing = 0;
		};
/* End PBXFrameworksBuildPhase section */

/* Begin PBXGroup section */
		37ABCEE61F24606300E01A99 = {
			isa = PBXGroup;
			children = (
				37ABCEF11F24606300E01A99 /* Demo_TableviewWithCollectionview */,
				37ABCEF01F24606300E01A99 /* Products */,
			);
			sourceTree = "<group>";
		};
		37ABCEF01F24606300E01A99 /* Products */ = {
			isa = PBXGroup;
			children = (
				37ABCEEF1F24606300E01A99 /* Demo_TableviewWithCollectionview.app */,
			);
			name = Products;
			sourceTree = "<group>";
		};
		37ABCEF11F24606300E01A99 /* Demo_TableviewWithCollectionview */ = {
			isa = PBXGroup;
			children = (
				37ABCF041F24607400E01A99 /* Cells */,
				37ABCEF21F24606300E01A99 /* AppDelegate.swift */,
				37ABCEF41F24606300E01A99 /* ViewController.swift */,
				37ABCEF61F24606300E01A99 /* Main.storyboard */,
				37ABCEF91F24606300E01A99 /* Assets.xcassets */,
				37ABCEFB1F24606300E01A99 /* LaunchScreen.storyboard */,
				37ABCEFE1F24606300E01A99 /* Info.plist */,
			);
			path = Demo_TableviewWithCollectionview;
			sourceTree = "<group>";
		};
		37ABCF041F24607400E01A99 /* Cells */ = {
			isa = PBXGroup;
			children = (
				37ABCF051F2460AD00E01A99 /* CustomTableViewCell1.swift */,
				37ABCF071F2460BC00E01A99 /* CustomTableViewCell2.swift */,
				37ABCF091F2460D500E01A99 /* CustomTableViewCell3.swift */,
			);
			name = Cells;
			sourceTree = "<group>";
		};
/* End PBXGroup section */

/* Begin PBXNativeTarget section */
		37ABCEEE1F24606300E01A99 /* Demo_TableviewWithCollectionview */ = {
			isa = PBXNativeTarget;
			buildConfigurationList = 37ABCF011F24606300E01A99 /* Build configuration list for PBXNativeTarget "Demo_TableviewWithCollectionview" */;
			buildPhases = (
				37ABCEEB1F24606300E01A99 /* Sources */,
				37ABCEEC1F24606300E01A99 /* Frameworks */,
				37ABCEED1F24606300E01A99 /* Resources */,
			);
			buildRules = (
			);
			dependencies = (
			);
			name = Demo_TableviewWithCollectionview;
			productName = Demo_TableviewWithCollectionview;
			productReference = 37ABCEEF1F24606300E01A99 /* Demo_TableviewWithCollectionview.app */;
			productType = "com.apple.product-type.application";
		};
/* End PBXNativeTarget section */

/* Begin PBXProject section */
		37ABCEE71F24606300E01A99 /* Project object */ = {
			isa = PBXProject;
			attributes = {
				LastSwiftUpdateCheck = 0830;
				LastUpgradeCheck = 0830;
				ORGANIZATIONNAME = NickOwn;
				TargetAttributes = {
					37ABCEEE1F24606300E01A99 = {
						CreatedOnToolsVersion = 8.3.2;
						DevelopmentTeam = 2A624895QU;
						ProvisioningStyle = Automatic;
					};
				};
			};
			buildConfigurationList = 37ABCEEA1F24606300E01A99 /* Build configuration list for PBXProject "Demo_TableviewWithCollectionview" */;
			compatibilityVersion = "Xcode 3.2";
			developmentRegion = English;
			hasScannedForEncodings = 0;
			knownRegions = (
				en,
				Base,
			);
			mainGroup = 37ABCEE61F24606300E01A99;
			productRefGroup = 37ABCEF01F24606300E01A99 /* Products */;
			projectDirPath = "";
			projectRoot = "";
			targets = (
				37ABCEEE1F24606300E01A99 /* Demo_TableviewWithCollectionview */,
			);
		};
/* End PBXProject section */

/* Begin PBXResourcesBuildPhase section */
		37ABCEED1F24606300E01A99 /* Resources */ = {
			isa = PBXResourcesBuildPhase;
			buildActionMask = 2147483647;
			files = (
				37ABCEFD1F24606300E01A99 /* LaunchScreen.storyboard in Resources */,
				37ABCEFA1F24606300E01A99 /* Assets.xcassets in Resources */,
				37ABCEF81F24606300E01A99 /* Main.storyboard in Resources */,
			);
			runOnlyForDeploymentPostprocessing = 0;
		};
/* End PBXResourcesBuildPhase section */

/* Begin PBXSourcesBuildPhase section */
		37ABCEEB1F24606300E01A99 /* Sources */ = {
			isa = PBXSourcesBuildPhase;
			buildActionMask = 2147483647;
			files = (
				37ABCF061F2460AD00E01A99 /* CustomTableViewCell1.swift in Sources */,
				37ABCF081F2460BC00E01A99 /* CustomTableViewCell2.swift in Sources */,
				37ABCF0A1F2460D500E01A99 /* CustomTableViewCell3.swift in Sources */,
				37ABCEF51F24606300E01A99 /* ViewController.swift in Sources */,
				37ABCEF31F24606300E01A99 /* AppDelegate.swift in Sources */,
			);
			runOnlyForDeploymentPostprocessing = 0;
		};
/* End PBXSourcesBuildPhase section */

/* Begin PBXVariantGroup section */
		37ABCEF61F24606300E01A99 /* Main.storyboard */ = {
			isa = PBXVariantGroup;
			children = (
				37ABCEF71F24606300E01A99 /* Base */,
			);
			name = Main.storyboard;
			sourceTree = "<group>";
		};
		37ABCEFB1F24606300E01A99 /* LaunchScreen.storyboard */ = {
			isa = PBXVariantGroup;
			children = (
				37ABCEFC1F24606300E01A99 /* Base */,
			);
			name = LaunchScreen.storyboard;
			sourceTree = "<group>";
		};
/* End PBXVariantGroup section */

/* Begin XCBuildConfiguration section */
		37ABCEFF1F24606300E01A99 /* Debug */ = {
			isa = XCBuildConfiguration;
			buildSettings = {
				ALWAYS_SEARCH_USER_PATHS = NO;
				CLANG_ANALYZER_NONNULL = YES;
				CLANG_ANALYZER_NUMBER_OBJECT_CONVERSION = YES_AGGRESSIVE;
				CLANG_CXX_LANGUAGE_STANDARD = "gnu++0x";
				CLANG_CXX_LIBRARY = "libc++";
				CLANG_ENABLE_MODULES = YES;
				CLANG_ENABLE_OBJC_ARC = YES;
				CLANG_WARN_BOOL_CONVERSION = YES;
				CLANG_WARN_CONSTANT_CONVERSION = YES;
				CLANG_WARN_DIRECT_OBJC_ISA_USAGE = YES_ERROR;
				CLANG_WARN_DOCUMENTATION_COMMENTS = YES;
				CLANG_WARN_EMPTY_BODY = YES;
				CLANG_WARN_ENUM_CONVERSION = YES;
				CLANG_WARN_INFINITE_RECURSION = YES;
				CLANG_WARN_INT_CONVERSION = YES;
				CLANG_WARN_OBJC_ROOT_CLASS = YES_ERROR;
				CLANG_WARN_SUSPICIOUS_MOVE = YES;
				CLANG_WARN_UNREACHABLE_CODE = YES;
				CLANG_WARN__DUPLICATE_METHOD_MATCH = YES;
				"CODE_SIGN_IDENTITY[sdk=iphoneos*]" = "iPhone Developer";
				COPY_PHASE_STRIP = NO;
				DEBUG_INFORMATION_FORMAT = dwarf;
				ENABLE_STRICT_OBJC_MSGSEND = YES;
				ENABLE_TESTABILITY = YES;
				GCC_C_LANGUAGE_STANDARD = gnu99;
				GCC_DYNAMIC_NO_PIC = NO;
				GCC_NO_COMMON_BLOCKS = YES;
				GCC_OPTIMIZATION_LEVEL = 0;
				GCC_PREPROCESSOR_DEFINITIONS = (
					"DEBUG=1",
					"$(inherited)",
				);
				GCC_WARN_64_TO_32_BIT_CONVERSION = YES;
				GCC_WARN_ABOUT_RETURN_TYPE = YES_ERROR;
				GCC_WARN_UNDECLARED_SELECTOR = YES;
				GCC_WARN_UNINITIALIZED_AUTOS = YES_AGGRESSIVE;
				GCC_WARN_UNUSED_FUNCTION = YES;
				GCC_WARN_UNUSED_VARIABLE = YES;
				IPHONEOS_DEPLOYMENT_TARGET = 10.3;
				MTL_ENABLE_DEBUG_INFO = YES;
				ONLY_ACTIVE_ARCH = YES;
				SDKROOT = iphoneos;
				SWIFT_ACTIVE_COMPILATION_CONDITIONS = DEBUG;
				SWIFT_OPTIMIZATION_LEVEL = "-Onone";
			};
			name = Debug;
		};
		37ABCF001F24606300E01A99 /* Release */ = {
			isa = XCBuildConfiguration;
			buildSettings = {
				ALWAYS_SEARCH_USER_PATHS = NO;
				CLANG_ANALYZER_NONNULL = YES;
				CLANG_ANALYZER_NUMBER_OBJECT_CONVERSION = YES_AGGRESSIVE;
				CLANG_CXX_LANGUAGE_STANDARD = "gnu++0x";
				CLANG_CXX_LIBRARY = "libc++";
				CLANG_ENABLE_MODULES = YES;
				CLANG_ENABLE_OBJC_ARC = YES;
				CLANG_WARN_BOOL_CONVERSION = YES;
				CLANG_WARN_CONSTANT_CONVERSION = YES;
				CLANG_WARN_DIRECT_OBJC_ISA_USAGE = YES_ERROR;
				CLANG_WARN_DOCUMENTATION_COMMENTS = YES;
				CLANG_WARN_EMPTY_BODY = YES;
				CLANG_WARN_ENUM_CONVERSION = YES;
				CLANG_WARN_INFINITE_RECURSION = YES;
				CLANG_WARN_INT_CONVERSION = YES;
				CLANG_WARN_OBJC_ROOT_CLASS = YES_ERROR;
				CLANG_WARN_SUSPICIOUS_MOVE = YES;
				CLANG_WARN_UNREACHABLE_CODE = YES;
				CLANG_WARN__DUPLICATE_METHOD_MATCH = YES;
				"CODE_SIGN_IDENTITY[sdk=iphoneos*]" = "iPhone Developer";
				COPY_PHASE_STRIP = NO;
				DEBUG_INFORMATION_FORMAT = "dwarf-with-dsym";
				ENABLE_NS_ASSERTIONS = NO;
				ENABLE_STRICT_OBJC_MSGSEND = YES;
				GCC_C_LANGUAGE_STANDARD = gnu99;
				GCC_NO_COMMON_BLOCKS = YES;
				GCC_WARN_64_TO_32_BIT_CONVERSION = YES;
				GCC_WARN_ABOUT_RETURN_TYPE = YES_ERROR;
				GCC_WARN_UNDECLARED_SELECTOR = YES;
				GCC_WARN_UNINITIALIZED_AUTOS = YES_AGGRESSIVE;
				GCC_WARN_UNUSED_FUNCTION = YES;
				GCC_WARN_UNUSED_VARIABLE = YES;
				IPHONEOS_DEPLOYMENT_TARGET = 10.3;
				MTL_ENABLE_DEBUG_INFO = NO;
				SDKROOT = iphoneos;
				SWIFT_OPTIMIZATION_LEVEL = "-Owholemodule";
				VALIDATE_PRODUCT = YES;
			};
			name = Release;
		};
		37ABCF021F24606300E01A99 /* Debug */ = {
			isa = XCBuildConfiguration;
			buildSettings = {
				ASSETCATALOG_COMPILER_APPICON_NAME = AppIcon;
				DEVELOPMENT_TEAM = 2A624895QU;
				INFOPLIST_FILE = Demo_TableviewWithCollectionview/Info.plist;
				LD_RUNPATH_SEARCH_PATHS = "$(inherited) @executable_path/Frameworks";
				PRODUCT_BUNDLE_IDENTIFIER = "nick.com.Demo-TableviewWithCollectionview";
				PRODUCT_NAME = "$(TARGET_NAME)";
				SWIFT_VERSION = 3.0;
			};
			name = Debug;
		};
		37ABCF031F24606300E01A99 /* Release */ = {
			isa = XCBuildConfiguration;
			buildSettings = {
				ASSETCATALOG_COMPILER_APPICON_NAME = AppIcon;
				DEVELOPMENT_TEAM = 2A624895QU;
				INFOPLIST_FILE = Demo_TableviewWithCollectionview/Info.plist;
				LD_RUNPATH_SEARCH_PATHS = "$(inherited) @executable_path/Frameworks";
				PRODUCT_BUNDLE_IDENTIFIER = "nick.com.Demo-TableviewWithCollectionview";
				PRODUCT_NAME = "$(TARGET_NAME)";
				SWIFT_VERSION = 3.0;
			};
			name = Release;
		};
/* End XCBuildConfiguration section */

/* Begin XCConfigurationList section */
		37ABCEEA1F24606300E01A99 /* Build configuration list for PBXProject "Demo_TableviewWithCollectionview" */ = {
			isa = XCConfigurationList;
			buildConfigurations = (
				37ABCEFF1F24606300E01A99 /* Debug */,
				37ABCF001F24606300E01A99 /* Release */,
			);
			defaultConfigurationIsVisible = 0;
			defaultConfigurationName = Release;
		};
		37ABCF011F24606300E01A99 /* Build configuration list for PBXNativeTarget "Demo_TableviewWithCollectionview" */ = {
			isa = XCConfigurationList;
			buildConfigurations = (
				37ABCF021F24606300E01A99 /* Debug */,
				37ABCF031F24606300E01A99 /* Release */,
			);
			defaultConfigurationIsVisible = 0;
		};
/* End XCConfigurationList section */
	};
	rootObject = 37ABCEE71F24606300E01A99 /* Project object */;
}
